// !$*UTF8*$!
{
	archiveVersion = 1;
	classes = {
	};
	objectVersion = 46;
	objects = {

/* Begin PBXBuildFile section */
		2B1A84320FC2928E7BA1B095 /* LC3Module.swift in Sources */ = {isa = PBXBuildFile; fileRef = 2B1A88112861CBE48C9998D0 /* LC3Module.swift */; };
		2B1A86D8522B347C769D22A8 /* ObjLoader.swift in Sources */ = {isa = PBXBuildFile; fileRef = 2B1A8DFB5A0A9D894CF8B75A /* ObjLoader.swift */; };
		2B1A8C116A7033B00A6D3C8C /* ISAModule.swift in Sources */ = {isa = PBXBuildFile; fileRef = 2B1A83C170FB1407E333361B /* ISAModule.swift */; };
		74402ACC1E529D150050F529 /* main.swift in Sources */ = {isa = PBXBuildFile; fileRef = 74402ACB1E529D150050F529 /* main.swift */; };
		74402AD31E529D510050F529 /* InstructionHandler.swift in Sources */ = {isa = PBXBuildFile; fileRef = 74402AD21E529D510050F529 /* InstructionHandler.swift */; };
		74402AD51E529D710050F529 /* LC3.swift in Sources */ = {isa = PBXBuildFile; fileRef = 74402AD41E529D710050F529 /* LC3.swift */; };
		74402AD71E529D800050F529 /* Memory.swift in Sources */ = {isa = PBXBuildFile; fileRef = 74402AD61E529D800050F529 /* Memory.swift */; };
		74402AD91E529D920050F529 /* Register.swift in Sources */ = {isa = PBXBuildFile; fileRef = 74402AD81E529D920050F529 /* Register.swift */; };
		74402ADC1E52A3770050F529 /* ADD.swift in Sources */ = {isa = PBXBuildFile; fileRef = 74402ADB1E52A3770050F529 /* ADD.swift */; };
		74402ADE1E52A3890050F529 /* AND.swift in Sources */ = {isa = PBXBuildFile; fileRef = 74402ADD1E52A3890050F529 /* AND.swift */; };
		74402AE01E52A3A30050F529 /* BR.swift in Sources */ = {isa = PBXBuildFile; fileRef = 74402ADF1E52A3A30050F529 /* BR.swift */; };
		74402AE21E52A3B50050F529 /* JMP-RET.swift in Sources */ = {isa = PBXBuildFile; fileRef = 74402AE11E52A3B50050F529 /* JMP-RET.swift */; };
		74402AE41E52A4140050F529 /* JSR.swift in Sources */ = {isa = PBXBuildFile; fileRef = 74402AE31E52A4140050F529 /* JSR.swift */; };
		74402AE61E52A4470050F529 /* LD.swift in Sources */ = {isa = PBXBuildFile; fileRef = 74402AE51E52A4470050F529 /* LD.swift */; };
		74402AE81E52A4870050F529 /* LDI.swift in Sources */ = {isa = PBXBuildFile; fileRef = 74402AE71E52A4870050F529 /* LDI.swift */; };
		74402AEE1E52A51A0050F529 /* LEA.swift in Sources */ = {isa = PBXBuildFile; fileRef = 74402AED1E52A51A0050F529 /* LEA.swift */; };
		74402AF01E52A5370050F529 /* LDR.swift in Sources */ = {isa = PBXBuildFile; fileRef = 74402AEF1E52A5370050F529 /* LDR.swift */; };
		74402AF21E52A54C0050F529 /* NOT.swift in Sources */ = {isa = PBXBuildFile; fileRef = 74402AF11E52A54C0050F529 /* NOT.swift */; };
		74402AF61E52A59B0050F529 /* RTI.swift in Sources */ = {isa = PBXBuildFile; fileRef = 74402AF51E52A59B0050F529 /* RTI.swift */; };
		74402AF81E52A5AE0050F529 /* ST.swift in Sources */ = {isa = PBXBuildFile; fileRef = 74402AF71E52A5AE0050F529 /* ST.swift */; };
		74402AFC1E52A5E20050F529 /* STR.swift in Sources */ = {isa = PBXBuildFile; fileRef = 74402AFB1E52A5E20050F529 /* STR.swift */; };
		74402AFE1E52A5FC0050F529 /* STI.swift in Sources */ = {isa = PBXBuildFile; fileRef = 74402AFD1E52A5FC0050F529 /* STI.swift */; };
		74402B001E52A60F0050F529 /* TRAP.swift in Sources */ = {isa = PBXBuildFile; fileRef = 74402AFF1E52A60F0050F529 /* TRAP.swift */; };
		74402B021E52B1E60050F529 /* ConditionCodeEnum.swift in Sources */ = {isa = PBXBuildFile; fileRef = 74402B011E52B1E60050F529 /* ConditionCodeEnum.swift */; };
		74402B041E53B9240050F529 /* Util.swift in Sources */ = {isa = PBXBuildFile; fileRef = 74402B031E53B9240050F529 /* Util.swift */; };
/* End PBXBuildFile section */

/* Begin PBXCopyFilesBuildPhase section */
		74402AC61E529D150050F529 /* CopyFiles */ = {
			isa = PBXCopyFilesBuildPhase;
			buildActionMask = 2147483647;
			dstPath = /usr/share/man/man1/;
			dstSubfolderSpec = 0;
			files = (
			);
			runOnlyForDeploymentPostprocessing = 1;
		};
/* End PBXCopyFilesBuildPhase section */

/* Begin PBXFileReference section */
		2B1A83C170FB1407E333361B /* ISAModule.swift */ = {isa = PBXFileReference; fileEncoding = 4; lastKnownFileType = sourcecode.swift; path = ISAModule.swift; sourceTree = "<group>"; };
		2B1A88112861CBE48C9998D0 /* LC3Module.swift */ = {isa = PBXFileReference; fileEncoding = 4; lastKnownFileType = sourcecode.swift; path = LC3Module.swift; sourceTree = "<group>"; };
		2B1A8DFB5A0A9D894CF8B75A /* ObjLoader.swift */ = {isa = PBXFileReference; fileEncoding = 4; lastKnownFileType = sourcecode.swift; path = ObjLoader.swift; sourceTree = "<group>"; };
		74402AC81E529D150050F529 /* LC3 */ = {isa = PBXFileReference; explicitFileType = "compiled.mach-o.executable"; includeInIndex = 0; path = LC3; sourceTree = BUILT_PRODUCTS_DIR; };
		74402ACB1E529D150050F529 /* main.swift */ = {isa = PBXFileReference; lastKnownFileType = sourcecode.swift; path = main.swift; sourceTree = "<group>"; };
		74402AD21E529D510050F529 /* InstructionHandler.swift */ = {isa = PBXFileReference; fileEncoding = 4; lastKnownFileType = sourcecode.swift; path = InstructionHandler.swift; sourceTree = "<group>"; };
		74402AD41E529D710050F529 /* LC3.swift */ = {isa = PBXFileReference; fileEncoding = 4; lastKnownFileType = sourcecode.swift; path = LC3.swift; sourceTree = "<group>"; };
		74402AD61E529D800050F529 /* Memory.swift */ = {isa = PBXFileReference; fileEncoding = 4; lastKnownFileType = sourcecode.swift; path = Memory.swift; sourceTree = "<group>"; };
		74402AD81E529D920050F529 /* Register.swift */ = {isa = PBXFileReference; fileEncoding = 4; lastKnownFileType = sourcecode.swift; path = Register.swift; sourceTree = "<group>"; };
		74402ADB1E52A3770050F529 /* ADD.swift */ = {isa = PBXFileReference; fileEncoding = 4; lastKnownFileType = sourcecode.swift; name = ADD.swift; path = Instructions/ADD.swift; sourceTree = "<group>"; };
		74402ADD1E52A3890050F529 /* AND.swift */ = {isa = PBXFileReference; fileEncoding = 4; lastKnownFileType = sourcecode.swift; name = AND.swift; path = Instructions/AND.swift; sourceTree = "<group>"; };
		74402ADF1E52A3A30050F529 /* BR.swift */ = {isa = PBXFileReference; fileEncoding = 4; lastKnownFileType = sourcecode.swift; name = BR.swift; path = Instructions/BR.swift; sourceTree = "<group>"; };
		74402AE11E52A3B50050F529 /* JMP-RET.swift */ = {isa = PBXFileReference; fileEncoding = 4; lastKnownFileType = sourcecode.swift; name = "JMP-RET.swift"; path = "Instructions/JMP-RET.swift"; sourceTree = "<group>"; };
		74402AE31E52A4140050F529 /* JSR.swift */ = {isa = PBXFileReference; fileEncoding = 4; lastKnownFileType = sourcecode.swift; name = JSR.swift; path = Instructions/JSR.swift; sourceTree = "<group>"; };
		74402AE51E52A4470050F529 /* LD.swift */ = {isa = PBXFileReference; fileEncoding = 4; lastKnownFileType = sourcecode.swift; name = LD.swift; path = Instructions/LD.swift; sourceTree = "<group>"; };
		74402AE71E52A4870050F529 /* LDI.swift */ = {isa = PBXFileReference; fileEncoding = 4; lastKnownFileType = sourcecode.swift; name = LDI.swift; path = Instructions/LDI.swift; sourceTree = "<group>"; };
		74402AED1E52A51A0050F529 /* LEA.swift */ = {isa = PBXFileReference; fileEncoding = 4; lastKnownFileType = sourcecode.swift; name = LEA.swift; path = Instructions/LEA.swift; sourceTree = "<group>"; };
		74402AEF1E52A5370050F529 /* LDR.swift */ = {isa = PBXFileReference; fileEncoding = 4; lastKnownFileType = sourcecode.swift; name = LDR.swift; path = Instructions/LDR.swift; sourceTree = "<group>"; };
		74402AF11E52A54C0050F529 /* NOT.swift */ = {isa = PBXFileReference; fileEncoding = 4; lastKnownFileType = sourcecode.swift; name = NOT.swift; path = Instructions/NOT.swift; sourceTree = "<group>"; };
		74402AF51E52A59B0050F529 /* RTI.swift */ = {isa = PBXFileReference; fileEncoding = 4; lastKnownFileType = sourcecode.swift; name = RTI.swift; path = Instructions/RTI.swift; sourceTree = "<group>"; };
		74402AF71E52A5AE0050F529 /* ST.swift */ = {isa = PBXFileReference; fileEncoding = 4; lastKnownFileType = sourcecode.swift; name = ST.swift; path = Instructions/ST.swift; sourceTree = "<group>"; };
		74402AFB1E52A5E20050F529 /* STR.swift */ = {isa = PBXFileReference; fileEncoding = 4; lastKnownFileType = sourcecode.swift; name = STR.swift; path = Instructions/STR.swift; sourceTree = "<group>"; };
		74402AFD1E52A5FC0050F529 /* STI.swift */ = {isa = PBXFileReference; fileEncoding = 4; lastKnownFileType = sourcecode.swift; name = STI.swift; path = Instructions/STI.swift; sourceTree = "<group>"; };
		74402AFF1E52A60F0050F529 /* TRAP.swift */ = {isa = PBXFileReference; fileEncoding = 4; lastKnownFileType = sourcecode.swift; name = TRAP.swift; path = Instructions/TRAP.swift; sourceTree = "<group>"; };
		74402B011E52B1E60050F529 /* ConditionCodeEnum.swift */ = {isa = PBXFileReference; fileEncoding = 4; lastKnownFileType = sourcecode.swift; path = ConditionCodeEnum.swift; sourceTree = "<group>"; };
		74402B031E53B9240050F529 /* Util.swift */ = {isa = PBXFileReference; fileEncoding = 4; lastKnownFileType = sourcecode.swift; path = Util.swift; sourceTree = "<group>"; };
/* End PBXFileReference section */

/* Begin PBXFrameworksBuildPhase section */
		74402AC51E529D150050F529 /* Frameworks */ = {
			isa = PBXFrameworksBuildPhase;
			buildActionMask = 2147483647;
			files = (
			);
			runOnlyForDeploymentPostprocessing = 0;
		};
/* End PBXFrameworksBuildPhase section */

/* Begin PBXGroup section */
		74402ABF1E529D150050F529 = {
			isa = PBXGroup;
			children = (
				74402ACA1E529D150050F529 /* LC3 */,
				74402AC91E529D150050F529 /* Products */,
			);
			sourceTree = "<group>";
		};
		74402AC91E529D150050F529 /* Products */ = {
			isa = PBXGroup;
			children = (
				74402AC81E529D150050F529 /* LC3 */,
			);
			name = Products;
			sourceTree = "<group>";
		};
		74402ACA1E529D150050F529 /* LC3 */ = {
			isa = PBXGroup;
			children = (
				74402ADA1E529D9A0050F529 /* ISA */,
				74402ACB1E529D150050F529 /* main.swift */,
				74402AD21E529D510050F529 /* InstructionHandler.swift */,
				74402AD41E529D710050F529 /* LC3.swift */,
				74402AD61E529D800050F529 /* Memory.swift */,
				74402AD81E529D920050F529 /* Register.swift */,
				74402B011E52B1E60050F529 /* ConditionCodeEnum.swift */,
				74402B031E53B9240050F529 /* Util.swift */,
				2B1A8DFB5A0A9D894CF8B75A /* ObjLoader.swift */,
				2B1A88112861CBE48C9998D0 /* LC3Module.swift */,
			);
			path = LC3;
			sourceTree = "<group>";
		};
		74402ADA1E529D9A0050F529 /* ISA */ = {
			isa = PBXGroup;
			children = (
				74402ADB1E52A3770050F529 /* ADD.swift */,
				74402ADD1E52A3890050F529 /* AND.swift */,
				74402ADF1E52A3A30050F529 /* BR.swift */,
				74402AE11E52A3B50050F529 /* JMP-RET.swift */,
				74402AE31E52A4140050F529 /* JSR.swift */,
				74402AE51E52A4470050F529 /* LD.swift */,
				74402AE71E52A4870050F529 /* LDI.swift */,
				74402AEF1E52A5370050F529 /* LDR.swift */,
				74402AED1E52A51A0050F529 /* LEA.swift */,
				74402AF11E52A54C0050F529 /* NOT.swift */,
				74402AF51E52A59B0050F529 /* RTI.swift */,
				74402AF71E52A5AE0050F529 /* ST.swift */,
				74402AFD1E52A5FC0050F529 /* STI.swift */,
				74402AFB1E52A5E20050F529 /* STR.swift */,
				74402AFF1E52A60F0050F529 /* TRAP.swift */,
				2B1A83C170FB1407E333361B /* ISAModule.swift */,
			);
			name = ISA;
			sourceTree = "<group>";
		};
/* End PBXGroup section */

/* Begin PBXNativeTarget section */
		74402AC71E529D150050F529 /* LC3 */ = {
			isa = PBXNativeTarget;
			buildConfigurationList = 74402ACF1E529D150050F529 /* Build configuration list for PBXNativeTarget "LC3" */;
			buildPhases = (
				74402AC41E529D150050F529 /* Sources */,
				74402AC51E529D150050F529 /* Frameworks */,
				74402AC61E529D150050F529 /* CopyFiles */,
			);
			buildRules = (
			);
			dependencies = (
			);
			name = LC3;
			productName = LC3;
			productReference = 74402AC81E529D150050F529 /* LC3 */;
			productType = "com.apple.product-type.tool";
		};
/* End PBXNativeTarget section */

/* Begin PBXProject section */
		74402AC01E529D150050F529 /* Project object */ = {
			isa = PBXProject;
			attributes = {
				LastSwiftUpdateCheck = 0820;
				LastUpgradeCheck = 0820;
				ORGANIZATIONNAME = "Cem Gokmen";
				TargetAttributes = {
					74402AC71E529D150050F529 = {
						CreatedOnToolsVersion = 8.2.1;
						DevelopmentTeam = AD6U5Y3Z9Y;
						ProvisioningStyle = Automatic;
					};
				};
			};
			buildConfigurationList = 74402AC31E529D150050F529 /* Build configuration list for PBXProject "LC3" */;
			compatibilityVersion = "Xcode 3.2";
			developmentRegion = English;
			hasScannedForEncodings = 0;
			knownRegions = (
				en,
			);
			mainGroup = 74402ABF1E529D150050F529;
			productRefGroup = 74402AC91E529D150050F529 /* Products */;
			projectDirPath = "";
			projectRoot = "";
			targets = (
				74402AC71E529D150050F529 /* LC3 */,
			);
		};
/* End PBXProject section */

/* Begin PBXSourcesBuildPhase section */
		74402AC41E529D150050F529 /* Sources */ = {
			isa = PBXSourcesBuildPhase;
			buildActionMask = 2147483647;
			files = (
				74402ADC1E52A3770050F529 /* ADD.swift in Sources */,
				74402AFC1E52A5E20050F529 /* STR.swift in Sources */,
				74402AD71E529D800050F529 /* Memory.swift in Sources */,
				74402AF81E52A5AE0050F529 /* ST.swift in Sources */,
				74402AF21E52A54C0050F529 /* NOT.swift in Sources */,
				74402B021E52B1E60050F529 /* ConditionCodeEnum.swift in Sources */,
				74402AE81E52A4870050F529 /* LDI.swift in Sources */,
				74402ADE1E52A3890050F529 /* AND.swift in Sources */,
				74402AEE1E52A51A0050F529 /* LEA.swift in Sources */,
				74402AF61E52A59B0050F529 /* RTI.swift in Sources */,
				74402AE21E52A3B50050F529 /* JMP-RET.swift in Sources */,
				74402AE61E52A4470050F529 /* LD.swift in Sources */,
				74402AD31E529D510050F529 /* InstructionHandler.swift in Sources */,
				74402AF01E52A5370050F529 /* LDR.swift in Sources */,
				74402B041E53B9240050F529 /* Util.swift in Sources */,
				74402AE01E52A3A30050F529 /* BR.swift in Sources */,
				74402AD51E529D710050F529 /* LC3.swift in Sources */,
				74402ACC1E529D150050F529 /* main.swift in Sources */,
				74402B001E52A60F0050F529 /* TRAP.swift in Sources */,
				74402AFE1E52A5FC0050F529 /* STI.swift in Sources */,
				74402AE41E52A4140050F529 /* JSR.swift in Sources */,
				74402AD91E529D920050F529 /* Register.swift in Sources */,
				2B1A86D8522B347C769D22A8 /* ObjLoader.swift in Sources */,
				2B1A8C116A7033B00A6D3C8C /* ISAModule.swift in Sources */,
				2B1A84320FC2928E7BA1B095 /* LC3Module.swift in Sources */,
			);
			runOnlyForDeploymentPostprocessing = 0;
		};
/* End PBXSourcesBuildPhase section */

/* Begin XCBuildConfiguration section */
		74402ACD1E529D150050F529 /* Debug */ = {
			isa = XCBuildConfiguration;
			buildSettings = {
				ALWAYS_SEARCH_USER_PATHS = NO;
				CLANG_ANALYZER_NONNULL = YES;
				CLANG_CXX_LANGUAGE_STANDARD = "gnu++0x";
				CLANG_CXX_LIBRARY = "libc++";
				CLANG_ENABLE_MODULES = YES;
				CLANG_ENABLE_OBJC_ARC = YES;
				CLANG_WARN_BOOL_CONVERSION = YES;
				CLANG_WARN_CONSTANT_CONVERSION = YES;
				CLANG_WARN_DIRECT_OBJC_ISA_USAGE = YES_ERROR;
				CLANG_WARN_DOCUMENTATION_COMMENTS = YES;
				CLANG_WARN_EMPTY_BODY = YES;
				CLANG_WARN_ENUM_CONVERSION = YES;
				CLANG_WARN_INFINITE_RECURSION = YES;
				CLANG_WARN_INT_CONVERSION = YES;
				CLANG_WARN_OBJC_ROOT_CLASS = YES_ERROR;
				CLANG_WARN_SUSPICIOUS_MOVE = YES;
				CLANG_WARN_UNREACHABLE_CODE = YES;
				CLANG_WARN__DUPLICATE_METHOD_MATCH = YES;
				CODE_SIGN_IDENTITY = "-";
				COPY_PHASE_STRIP = NO;
				DEBUG_INFORMATION_FORMAT = dwarf;
				ENABLE_STRICT_OBJC_MSGSEND = YES;
				ENABLE_TESTABILITY = YES;
				GCC_C_LANGUAGE_STANDARD = gnu99;
				GCC_DYNAMIC_NO_PIC = NO;
				GCC_NO_COMMON_BLOCKS = YES;
				GCC_OPTIMIZATION_LEVEL = 0;
				GCC_PREPROCESSOR_DEFINITIONS = (
					"DEBUG=1",
					"$(inherited)",
				);
				GCC_WARN_64_TO_32_BIT_CONVERSION = YES;
				GCC_WARN_ABOUT_RETURN_TYPE = YES_ERROR;
				GCC_WARN_UNDECLARED_SELECTOR = YES;
				GCC_WARN_UNINITIALIZED_AUTOS = YES_AGGRESSIVE;
				GCC_WARN_UNUSED_FUNCTION = YES;
				GCC_WARN_UNUSED_VARIABLE = YES;
				MACOSX_DEPLOYMENT_TARGET = 10.12;
				MTL_ENABLE_DEBUG_INFO = YES;
				ONLY_ACTIVE_ARCH = YES;
				SDKROOT = macosx;
				SWIFT_OPTIMIZATION_LEVEL = "-Onone";
			};
			name = Debug;
		};
		74402ACE1E529D150050F529 /* Release */ = {
			isa = XCBuildConfiguration;
			buildSettings = {
				ALWAYS_SEARCH_USER_PATHS = NO;
				CLANG_ANALYZER_NONNULL = YES;
				CLANG_CXX_LANGUAGE_STANDARD = "gnu++0x";
				CLANG_CXX_LIBRARY = "libc++";
				CLANG_ENABLE_MODULES = YES;
				CLANG_ENABLE_OBJC_ARC = YES;
				CLANG_WARN_BOOL_CONVERSION = YES;
				CLANG_WARN_CONSTANT_CONVERSION = YES;
				CLANG_WARN_DIRECT_OBJC_ISA_USAGE = YES_ERROR;
				CLANG_WARN_DOCUMENTATION_COMMENTS = YES;
				CLANG_WARN_EMPTY_BODY = YES;
				CLANG_WARN_ENUM_CONVERSION = YES;
				CLANG_WARN_INFINITE_RECURSION = YES;
				CLANG_WARN_INT_CONVERSION = YES;
				CLANG_WARN_OBJC_ROOT_CLASS = YES_ERROR;
				CLANG_WARN_SUSPICIOUS_MOVE = YES;
				CLANG_WARN_UNREACHABLE_CODE = YES;
				CLANG_WARN__DUPLICATE_METHOD_MATCH = YES;
				CODE_SIGN_IDENTITY = "-";
				COPY_PHASE_STRIP = NO;
				DEBUG_INFORMATION_FORMAT = "dwarf-with-dsym";
				ENABLE_NS_ASSERTIONS = NO;
				ENABLE_STRICT_OBJC_MSGSEND = YES;
				GCC_C_LANGUAGE_STANDARD = gnu99;
				GCC_NO_COMMON_BLOCKS = YES;
				GCC_WARN_64_TO_32_BIT_CONVERSION = YES;
				GCC_WARN_ABOUT_RETURN_TYPE = YES_ERROR;
				GCC_WARN_UNDECLARED_SELECTOR = YES;
				GCC_WARN_UNINITIALIZED_AUTOS = YES_AGGRESSIVE;
				GCC_WARN_UNUSED_FUNCTION = YES;
				GCC_WARN_UNUSED_VARIABLE = YES;
				MACOSX_DEPLOYMENT_TARGET = 10.12;
				MTL_ENABLE_DEBUG_INFO = NO;
				SDKROOT = macosx;
			};
			name = Release;
		};
		74402AD01E529D150050F529 /* Debug */ = {
			isa = XCBuildConfiguration;
			buildSettings = {
				DEVELOPMENT_TEAM = AD6U5Y3Z9Y;
				PRODUCT_NAME = "$(TARGET_NAME)";
				SWIFT_VERSION = 3.0;
			};
			name = Debug;
		};
		74402AD11E529D150050F529 /* Release */ = {
			isa = XCBuildConfiguration;
			buildSettings = {
				DEVELOPMENT_TEAM = AD6U5Y3Z9Y;
				PRODUCT_NAME = "$(TARGET_NAME)";
				SWIFT_VERSION = 3.0;
			};
			name = Release;
		};
/* End XCBuildConfiguration section */

/* Begin XCConfigurationList section */
		74402AC31E529D150050F529 /* Build configuration list for PBXProject "LC3" */ = {
			isa = XCConfigurationList;
			buildConfigurations = (
				74402ACD1E529D150050F529 /* Debug */,
				74402ACE1E529D150050F529 /* Release */,
			);
			defaultConfigurationIsVisible = 0;
			defaultConfigurationName = Release;
		};
		74402ACF1E529D150050F529 /* Build configuration list for PBXNativeTarget "LC3" */ = {
			isa = XCConfigurationList;
			buildConfigurations = (
				74402AD01E529D150050F529 /* Debug */,
				74402AD11E529D150050F529 /* Release */,
			);
			defaultConfigurationIsVisible = 0;
		};
/* End XCConfigurationList section */
	};
	rootObject = 74402AC01E529D150050F529 /* Project object */;
}
